
Microsoft Visual Studio Solution File, Format Version 12.00
# Visual Studio 15
VisualStudioVersion = 15.0.28307.757
MinimumVisualStudioVersion = 10.0.40219.1
Project("{FAE04EC0-301F-11D3-BF4B-00C04F79EFBC}") = "Lesson2Tests", "Lesson2Tests\Lesson2Tests.csproj", "{A7D69BB3-6E4B-4D09-B336-4392112EFC9A}"
EndProject
Global
	GlobalSection(SolutionConfigurationPlatforms) = preSolution
		Debug|Any CPU = Debug|Any CPU
		Release|Any CPU = Release|Any CPU
	EndGlobalSection
	GlobalSection(ProjectConfigurationPlatforms) = postSolution
		{A7D69BB3-6E4B-4D09-B336-4392112EFC9A}.Debug|Any CPU.ActiveCfg = Debug|Any CPU
		{A7D69BB3-6E4B-4D09-B336-4392112EFC9A}.Debug|Any CPU.Build.0 = Debug|Any CPU
		{A7D69BB3-6E4B-4D09-B336-4392112EFC9A}.Release|Any CPU.ActiveCfg = Release|Any CPU
		{A7D69BB3-6E4B-4D09-B336-4392112EFC9A}.Release|Any CPU.Build.0 = Release|Any CPU
	EndGlobalSection
	GlobalSection(SolutionProperties) = preSolution
		HideSolutionNode = FALSE
	EndGlobalSection
	GlobalSection(ExtensibilityGlobals) = postSolution
		SolutionGuid = {626C6F4A-5107-486F-8E50-9F8551DC0196}
	EndGlobalSection
EndGlobal
