
Microsoft Visual Studio Solution File, Format Version 12.00
# Visual Studio 15
VisualStudioVersion = 15.0.28307.757
MinimumVisualStudioVersion = 10.0.40219.1
Project("{FAE04EC0-301F-11D3-BF4B-00C04F79EFBC}") = "Exam", "Exam\Exam.csproj", "{79251A26-47F0-4727-85A0-2BCC0F5141C6}"
EndProject
Global
	GlobalSection(SolutionConfigurationPlatforms) = preSolution
		Debug|Any CPU = Debug|Any CPU
		Release|Any CPU = Release|Any CPU
	EndGlobalSection
	GlobalSection(ProjectConfigurationPlatforms) = postSolution
		{79251A26-47F0-4727-85A0-2BCC0F5141C6}.Debug|Any CPU.ActiveCfg = Debug|Any CPU
		{79251A26-47F0-4727-85A0-2BCC0F5141C6}.Debug|Any CPU.Build.0 = Debug|Any CPU
		{79251A26-47F0-4727-85A0-2BCC0F5141C6}.Release|Any CPU.ActiveCfg = Release|Any CPU
		{79251A26-47F0-4727-85A0-2BCC0F5141C6}.Release|Any CPU.Build.0 = Release|Any CPU
	EndGlobalSection
	GlobalSection(SolutionProperties) = preSolution
		HideSolutionNode = FALSE
	EndGlobalSection
	GlobalSection(ExtensibilityGlobals) = postSolution
		SolutionGuid = {16CFAEA1-1826-4540-A5E3-80118F8B140A}
	EndGlobalSection
EndGlobal
